
Microsoft Visual Studio Solution File, Format Version 12.00
# Visual Studio 2013
VisualStudioVersion = 12.0.30723.0
MinimumVisualStudioVersion = 10.0.40219.1
Project("{FAE04EC0-301F-11D3-BF4B-00C04F79EFBC}") = "BbsFileWatcher", "BbsFileWatcher\BbsFileWatcher.csproj", "{1B795D62-1905-49B3-A838-01E73E4119BA}"
EndProject
Project("{FAE04EC0-301F-11D3-BF4B-00C04F79EFBC}") = "JsonUtil", "JsonUtil\JsonUtil.csproj", "{1DAD9E66-3829-4F83-A86E-939E5E21A87C}"
EndProject
Global
	GlobalSection(SolutionConfigurationPlatforms) = preSolution
		Debug|Any CPU = Debug|Any CPU
		Release|Any CPU = Release|Any CPU
	EndGlobalSection
	GlobalSection(ProjectConfigurationPlatforms) = postSolution
		{1B795D62-1905-49B3-A838-01E73E4119BA}.Debug|Any CPU.ActiveCfg = Debug|Any CPU
		{1B795D62-1905-49B3-A838-01E73E4119BA}.Debug|Any CPU.Build.0 = Debug|Any CPU
		{1B795D62-1905-49B3-A838-01E73E4119BA}.Release|Any CPU.ActiveCfg = Release|Any CPU
		{1B795D62-1905-49B3-A838-01E73E4119BA}.Release|Any CPU.Build.0 = Release|Any CPU
		{1DAD9E66-3829-4F83-A86E-939E5E21A87C}.Debug|Any CPU.ActiveCfg = Debug|Any CPU
		{1DAD9E66-3829-4F83-A86E-939E5E21A87C}.Debug|Any CPU.Build.0 = Debug|Any CPU
		{1DAD9E66-3829-4F83-A86E-939E5E21A87C}.Release|Any CPU.ActiveCfg = Release|Any CPU
		{1DAD9E66-3829-4F83-A86E-939E5E21A87C}.Release|Any CPU.Build.0 = Release|Any CPU
	EndGlobalSection
	GlobalSection(SolutionProperties) = preSolution
		HideSolutionNode = FALSE
	EndGlobalSection
EndGlobal
